// !$*UTF8*$!
{
	archiveVersion = 1;
	classes = {
	};
	objectVersion = 56;
	objects = {

/* Begin PBXBuildFile section */
		360995972B6ABA95005B327F /* GroceryScanApp.swift in Sources */ = {isa = PBXBuildFile; fileRef = 360995962B6ABA95005B327F /* GroceryScanApp.swift */; };
		360995992B6ABA95005B327F /* GroceryScanView.swift in Sources */ = {isa = PBXBuildFile; fileRef = 360995982B6ABA95005B327F /* GroceryScanView.swift */; };
		3609959B2B6ABA99005B327F /* Assets.xcassets in Resources */ = {isa = PBXBuildFile; fileRef = 3609959A2B6ABA99005B327F /* Assets.xcassets */; };
		3609959E2B6ABA99005B327F /* Preview Assets.xcassets in Resources */ = {isa = PBXBuildFile; fileRef = 3609959D2B6ABA99005B327F /* Preview Assets.xcassets */; };
		360995A52B6ABD86005B327F /* GroceryScanViewModel.swift in Sources */ = {isa = PBXBuildFile; fileRef = 360995A42B6ABD86005B327F /* GroceryScanViewModel.swift */; };
		360995A72B6ABDF1005B327F /* Alert.swift in Sources */ = {isa = PBXBuildFile; fileRef = 360995A62B6ABDF1005B327F /* Alert.swift */; };
		360995A92B6AC376005B327F /* ScannerView.swift in Sources */ = {isa = PBXBuildFile; fileRef = 360995A82B6AC376005B327F /* ScannerView.swift */; };
		360995AB2B6AC3E2005B327F /* ScannerVC.swift in Sources */ = {isa = PBXBuildFile; fileRef = 360995AA2B6AC3E2005B327F /* ScannerVC.swift */; };
/* End PBXBuildFile section */

/* Begin PBXFileReference section */
		360995932B6ABA95005B327F /* GroceryScan.app */ = {isa = PBXFileReference; explicitFileType = wrapper.application; includeInIndex = 0; path = GroceryScan.app; sourceTree = BUILT_PRODUCTS_DIR; };
		360995962B6ABA95005B327F /* GroceryScanApp.swift */ = {isa = PBXFileReference; lastKnownFileType = sourcecode.swift; path = GroceryScanApp.swift; sourceTree = "<group>"; };
		360995982B6ABA95005B327F /* GroceryScanView.swift */ = {isa = PBXFileReference; lastKnownFileType = sourcecode.swift; path = GroceryScanView.swift; sourceTree = "<group>"; };
		3609959A2B6ABA99005B327F /* Assets.xcassets */ = {isa = PBXFileReference; lastKnownFileType = folder.assetcatalog; path = Assets.xcassets; sourceTree = "<group>"; };
		3609959D2B6ABA99005B327F /* Preview Assets.xcassets */ = {isa = PBXFileReference; lastKnownFileType = folder.assetcatalog; path = "Preview Assets.xcassets"; sourceTree = "<group>"; };
		360995A42B6ABD86005B327F /* GroceryScanViewModel.swift */ = {isa = PBXFileReference; lastKnownFileType = sourcecode.swift; path = GroceryScanViewModel.swift; sourceTree = "<group>"; };
		360995A62B6ABDF1005B327F /* Alert.swift */ = {isa = PBXFileReference; lastKnownFileType = sourcecode.swift; path = Alert.swift; sourceTree = "<group>"; };
		360995A82B6AC376005B327F /* ScannerView.swift */ = {isa = PBXFileReference; lastKnownFileType = sourcecode.swift; path = ScannerView.swift; sourceTree = "<group>"; };
		360995AA2B6AC3E2005B327F /* ScannerVC.swift */ = {isa = PBXFileReference; lastKnownFileType = sourcecode.swift; path = ScannerVC.swift; sourceTree = "<group>"; };
/* End PBXFileReference section */

/* Begin PBXFrameworksBuildPhase section */
		360995902B6ABA95005B327F /* Frameworks */ = {
			isa = PBXFrameworksBuildPhase;
			buildActionMask = 2147483647;
			files = (
			);
			runOnlyForDeploymentPostprocessing = 0;
		};
/* End PBXFrameworksBuildPhase section */

/* Begin PBXGroup section */
		3609958A2B6ABA95005B327F = {
			isa = PBXGroup;
			children = (
				360995952B6ABA95005B327F /* GroceryScan */,
				360995942B6ABA95005B327F /* Products */,
			);
			sourceTree = "<group>";
		};
		360995942B6ABA95005B327F /* Products */ = {
			isa = PBXGroup;
			children = (
				360995932B6ABA95005B327F /* GroceryScan.app */,
			);
			name = Products;
			sourceTree = "<group>";
		};
		360995952B6ABA95005B327F /* GroceryScan */ = {
			isa = PBXGroup;
			children = (
				360995962B6ABA95005B327F /* GroceryScanApp.swift */,
				360995A82B6AC376005B327F /* ScannerView.swift */,
				360995AA2B6AC3E2005B327F /* ScannerVC.swift */,
				360995982B6ABA95005B327F /* GroceryScanView.swift */,
				360995A42B6ABD86005B327F /* GroceryScanViewModel.swift */,
				360995A62B6ABDF1005B327F /* Alert.swift */,
				3609959A2B6ABA99005B327F /* Assets.xcassets */,
				3609959C2B6ABA99005B327F /* Preview Content */,
			);
			path = GroceryScan;
			sourceTree = "<group>";
		};
		3609959C2B6ABA99005B327F /* Preview Content */ = {
			isa = PBXGroup;
			children = (
				3609959D2B6ABA99005B327F /* Preview Assets.xcassets */,
			);
			path = "Preview Content";
			sourceTree = "<group>";
		};
/* End PBXGroup section */

/* Begin PBXNativeTarget section */
		360995922B6ABA95005B327F /* GroceryScan */ = {
			isa = PBXNativeTarget;
			buildConfigurationList = 360995A12B6ABA99005B327F /* Build configuration list for PBXNativeTarget "GroceryScan" */;
			buildPhases = (
				3609958F2B6ABA95005B327F /* Sources */,
				360995902B6ABA95005B327F /* Frameworks */,
				360995912B6ABA95005B327F /* Resources */,
			);
			buildRules = (
			);
			dependencies = (
			);
			name = GroceryScan;
			productName = FoodScan;
			productReference = 360995932B6ABA95005B327F /* GroceryScan.app */;
			productType = "com.apple.product-type.application";
		};
/* End PBXNativeTarget section */

/* Begin PBXProject section */
		3609958B2B6ABA95005B327F /* Project object */ = {
			isa = PBXProject;
			attributes = {
				BuildIndependentTargetsInParallel = 1;
				LastSwiftUpdateCheck = 1430;
				LastUpgradeCheck = 1430;
				TargetAttributes = {
					360995922B6ABA95005B327F = {
						CreatedOnToolsVersion = 14.3;
					};
				};
			};
			buildConfigurationList = 3609958E2B6ABA95005B327F /* Build configuration list for PBXProject "GroceryScan" */;
			compatibilityVersion = "Xcode 14.0";
			developmentRegion = en;
			hasScannedForEncodings = 0;
			knownRegions = (
				en,
				Base,
			);
			mainGroup = 3609958A2B6ABA95005B327F;
			productRefGroup = 360995942B6ABA95005B327F /* Products */;
			projectDirPath = "";
			projectRoot = "";
			targets = (
				360995922B6ABA95005B327F /* GroceryScan */,
			);
		};
/* End PBXProject section */

/* Begin PBXResourcesBuildPhase section */
		360995912B6ABA95005B327F /* Resources */ = {
			isa = PBXResourcesBuildPhase;
			buildActionMask = 2147483647;
			files = (
				3609959E2B6ABA99005B327F /* Preview Assets.xcassets in Resources */,
				3609959B2B6ABA99005B327F /* Assets.xcassets in Resources */,
			);
			runOnlyForDeploymentPostprocessing = 0;
		};
/* End PBXResourcesBuildPhase section */

/* Begin PBXSourcesBuildPhase section */
		3609958F2B6ABA95005B327F /* Sources */ = {
			isa = PBXSourcesBuildPhase;
			buildActionMask = 2147483647;
			files = (
				360995992B6ABA95005B327F /* GroceryScanView.swift in Sources */,
				360995A52B6ABD86005B327F /* GroceryScanViewModel.swift in Sources */,
				360995A72B6ABDF1005B327F /* Alert.swift in Sources */,
				360995AB2B6AC3E2005B327F /* ScannerVC.swift in Sources */,
				360995972B6ABA95005B327F /* GroceryScanApp.swift in Sources */,
				360995A92B6AC376005B327F /* ScannerView.swift in Sources */,
			);
			runOnlyForDeploymentPostprocessing = 0;
		};
/* End PBXSourcesBuildPhase section */

/* Begin XCBuildConfiguration section */
		3609959F2B6ABA99005B327F /* Debug */ = {
			isa = XCBuildConfiguration;
			buildSettings = {
				ALWAYS_SEARCH_USER_PATHS = NO;
				CLANG_ANALYZER_NONNULL = YES;
				CLANG_ANALYZER_NUMBER_OBJECT_CONVERSION = YES_AGGRESSIVE;
				CLANG_CXX_LANGUAGE_STANDARD = "gnu++20";
				CLANG_ENABLE_MODULES = YES;
				CLANG_ENABLE_OBJC_ARC = YES;
				CLANG_ENABLE_OBJC_WEAK = YES;
				CLANG_WARN_BLOCK_CAPTURE_AUTORELEASING = YES;
				CLANG_WARN_BOOL_CONVERSION = YES;
				CLANG_WARN_COMMA = YES;
				CLANG_WARN_CONSTANT_CONVERSION = YES;
				CLANG_WARN_DEPRECATED_OBJC_IMPLEMENTATIONS = YES;
				CLANG_WARN_DIRECT_OBJC_ISA_USAGE = YES_ERROR;
				CLANG_WARN_DOCUMENTATION_COMMENTS = YES;
				CLANG_WARN_EMPTY_BODY = YES;
				CLANG_WARN_ENUM_CONVERSION = YES;
				CLANG_WARN_INFINITE_RECURSION = YES;
				CLANG_WARN_INT_CONVERSION = YES;
				CLANG_WARN_NON_LITERAL_NULL_CONVERSION = YES;
				CLANG_WARN_OBJC_IMPLICIT_RETAIN_SELF = YES;
				CLANG_WARN_OBJC_LITERAL_CONVERSION = YES;
				CLANG_WARN_OBJC_ROOT_CLASS = YES_ERROR;
				CLANG_WARN_QUOTED_INCLUDE_IN_FRAMEWORK_HEADER = YES;
				CLANG_WARN_RANGE_LOOP_ANALYSIS = YES;
				CLANG_WARN_STRICT_PROTOTYPES = YES;
				CLANG_WARN_SUSPICIOUS_MOVE = YES;
				CLANG_WARN_UNGUARDED_AVAILABILITY = YES_AGGRESSIVE;
				CLANG_WARN_UNREACHABLE_CODE = YES;
				CLANG_WARN__DUPLICATE_METHOD_MATCH = YES;
				COPY_PHASE_STRIP = NO;
				DEBUG_INFORMATION_FORMAT = dwarf;
				ENABLE_STRICT_OBJC_MSGSEND = YES;
				ENABLE_TESTABILITY = YES;
				GCC_C_LANGUAGE_STANDARD = gnu11;
				GCC_DYNAMIC_NO_PIC = NO;
				GCC_NO_COMMON_BLOCKS = YES;
				GCC_OPTIMIZATION_LEVEL = 0;
				GCC_PREPROCESSOR_DEFINITIONS = (
					"DEBUG=1",
					"$(inherited)",
				);
				GCC_WARN_64_TO_32_BIT_CONVERSION = YES;
				GCC_WARN_ABOUT_RETURN_TYPE = YES_ERROR;
				GCC_WARN_UNDECLARED_SELECTOR = YES;
				GCC_WARN_UNINITIALIZED_AUTOS = YES_AGGRESSIVE;
				GCC_WARN_UNUSED_FUNCTION = YES;
				GCC_WARN_UNUSED_VARIABLE = YES;
				IPHONEOS_DEPLOYMENT_TARGET = 16.4;
				MTL_ENABLE_DEBUG_INFO = INCLUDE_SOURCE;
				MTL_FAST_MATH = YES;
				ONLY_ACTIVE_ARCH = YES;
				SDKROOT = iphoneos;
				SWIFT_ACTIVE_COMPILATION_CONDITIONS = DEBUG;
				SWIFT_OPTIMIZATION_LEVEL = "-Onone";
			};
			name = Debug;
		};
		360995A02B6ABA99005B327F /* Release */ = {
			isa = XCBuildConfiguration;
			buildSettings = {
				ALWAYS_SEARCH_USER_PATHS = NO;
				CLANG_ANALYZER_NONNULL = YES;
				CLANG_ANALYZER_NUMBER_OBJECT_CONVERSION = YES_AGGRESSIVE;
				CLANG_CXX_LANGUAGE_STANDARD = "gnu++20";
				CLANG_ENABLE_MODULES = YES;
				CLANG_ENABLE_OBJC_ARC = YES;
				CLANG_ENABLE_OBJC_WEAK = YES;
				CLANG_WARN_BLOCK_CAPTURE_AUTORELEASING = YES;
				CLANG_WARN_BOOL_CONVERSION = YES;
				CLANG_WARN_COMMA = YES;
				CLANG_WARN_CONSTANT_CONVERSION = YES;
				CLANG_WARN_DEPRECATED_OBJC_IMPLEMENTATIONS = YES;
				CLANG_WARN_DIRECT_OBJC_ISA_USAGE = YES_ERROR;
				CLANG_WARN_DOCUMENTATION_COMMENTS = YES;
				CLANG_WARN_EMPTY_BODY = YES;
				CLANG_WARN_ENUM_CONVERSION = YES;
				CLANG_WARN_INFINITE_RECURSION = YES;
				CLANG_WARN_INT_CONVERSION = YES;
				CLANG_WARN_NON_LITERAL_NULL_CONVERSION = YES;
				CLANG_WARN_OBJC_IMPLICIT_RETAIN_SELF = YES;
				CLANG_WARN_OBJC_LITERAL_CONVERSION = YES;
				CLANG_WARN_OBJC_ROOT_CLASS = YES_ERROR;
				CLANG_WARN_QUOTED_INCLUDE_IN_FRAMEWORK_HEADER = YES;
				CLANG_WARN_RANGE_LOOP_ANALYSIS = YES;
				CLANG_WARN_STRICT_PROTOTYPES = YES;
				CLANG_WARN_SUSPICIOUS_MOVE = YES;
				CLANG_WARN_UNGUARDED_AVAILABILITY = YES_AGGRESSIVE;
				CLANG_WARN_UNREACHABLE_CODE = YES;
				CLANG_WARN__DUPLICATE_METHOD_MATCH = YES;
				COPY_PHASE_STRIP = NO;
				DEBUG_INFORMATION_FORMAT = "dwarf-with-dsym";
				ENABLE_NS_ASSERTIONS = NO;
				ENABLE_STRICT_OBJC_MSGSEND = YES;
				GCC_C_LANGUAGE_STANDARD = gnu11;
				GCC_NO_COMMON_BLOCKS = YES;
				GCC_WARN_64_TO_32_BIT_CONVERSION = YES;
				GCC_WARN_ABOUT_RETURN_TYPE = YES_ERROR;
				GCC_WARN_UNDECLARED_SELECTOR = YES;
				GCC_WARN_UNINITIALIZED_AUTOS = YES_AGGRESSIVE;
				GCC_WARN_UNUSED_FUNCTION = YES;
				GCC_WARN_UNUSED_VARIABLE = YES;
				IPHONEOS_DEPLOYMENT_TARGET = 16.4;
				MTL_ENABLE_DEBUG_INFO = NO;
				MTL_FAST_MATH = YES;
				SDKROOT = iphoneos;
				SWIFT_COMPILATION_MODE = wholemodule;
				SWIFT_OPTIMIZATION_LEVEL = "-O";
				VALIDATE_PRODUCT = YES;
			};
			name = Release;
		};
		360995A22B6ABA99005B327F /* Debug */ = {
			isa = XCBuildConfiguration;
			buildSettings = {
				ASSETCATALOG_COMPILER_APPICON_NAME = AppIcon;
				ASSETCATALOG_COMPILER_GLOBAL_ACCENT_COLOR_NAME = AccentColor;
				CODE_SIGN_STYLE = Automatic;
				CURRENT_PROJECT_VERSION = 1;
				DEVELOPMENT_ASSET_PATHS = "\"GroceryScan/Preview Content\"";
				DEVELOPMENT_TEAM = 3YC9U85QZD;
				ENABLE_PREVIEWS = YES;
				GENERATE_INFOPLIST_FILE = YES;
				INFOPLIST_KEY_NSCameraUsageDescription = "we need camera to scan";
				INFOPLIST_KEY_UIApplicationSceneManifest_Generation = YES;
				INFOPLIST_KEY_UIApplicationSupportsIndirectInputEvents = YES;
				INFOPLIST_KEY_UILaunchScreen_Generation = YES;
				INFOPLIST_KEY_UISupportedInterfaceOrientations_iPad = "UIInterfaceOrientationPortrait UIInterfaceOrientationPortraitUpsideDown UIInterfaceOrientationLandscapeLeft UIInterfaceOrientationLandscapeRight";
				INFOPLIST_KEY_UISupportedInterfaceOrientations_iPhone = "UIInterfaceOrientationPortrait UIInterfaceOrientationLandscapeLeft UIInterfaceOrientationLandscapeRight";
				LD_RUNPATH_SEARCH_PATHS = (
					"$(inherited)",
					"@executable_path/Frameworks",
				);
				MARKETING_VERSION = 1.0;
				PRODUCT_BUNDLE_IDENTIFIER = com.minhere.GroceryScan;
				PRODUCT_NAME = "$(TARGET_NAME)";
				SWIFT_EMIT_LOC_STRINGS = YES;
				SWIFT_VERSION = 5.0;
				TARGETED_DEVICE_FAMILY = "1,2";
			};
			name = Debug;
		};
		360995A32B6ABA99005B327F /* Release */ = {
			isa = XCBuildConfiguration;
			buildSettings = {
				ASSETCATALOG_COMPILER_APPICON_NAME = AppIcon;
				ASSETCATALOG_COMPILER_GLOBAL_ACCENT_COLOR_NAME = AccentColor;
				CODE_SIGN_STYLE = Automatic;
				CURRENT_PROJECT_VERSION = 1;
				DEVELOPMENT_ASSET_PATHS = "\"GroceryScan/Preview Content\"";
				DEVELOPMENT_TEAM = 3YC9U85QZD;
				ENABLE_PREVIEWS = YES;
				GENERATE_INFOPLIST_FILE = YES;
				INFOPLIST_KEY_NSCameraUsageDescription = "we need camera to scan";
				INFOPLIST_KEY_UIApplicationSceneManifest_Generation = YES;
				INFOPLIST_KEY_UIApplicationSupportsIndirectInputEvents = YES;
				INFOPLIST_KEY_UILaunchScreen_Generation = YES;
				INFOPLIST_KEY_UISupportedInterfaceOrientations_iPad = "UIInterfaceOrientationPortrait UIInterfaceOrientationPortraitUpsideDown UIInterfaceOrientationLandscapeLeft UIInterfaceOrientationLandscapeRight";
				INFOPLIST_KEY_UISupportedInterfaceOrientations_iPhone = "UIInterfaceOrientationPortrait UIInterfaceOrientationLandscapeLeft UIInterfaceOrientationLandscapeRight";
				LD_RUNPATH_SEARCH_PATHS = (
					"$(inherited)",
					"@executable_path/Frameworks",
				);
				MARKETING_VERSION = 1.0;
				PRODUCT_BUNDLE_IDENTIFIER = com.minhere.GroceryScan;
				PRODUCT_NAME = "$(TARGET_NAME)";
				SWIFT_EMIT_LOC_STRINGS = YES;
				SWIFT_VERSION = 5.0;
				TARGETED_DEVICE_FAMILY = "1,2";
			};
			name = Release;
		};
/* End XCBuildConfiguration section */

/* Begin XCConfigurationList section */
		3609958E2B6ABA95005B327F /* Build configuration list for PBXProject "GroceryScan" */ = {
			isa = XCConfigurationList;
			buildConfigurations = (
				3609959F2B6ABA99005B327F /* Debug */,
				360995A02B6ABA99005B327F /* Release */,
			);
			defaultConfigurationIsVisible = 0;
			defaultConfigurationName = Release;
		};
		360995A12B6ABA99005B327F /* Build configuration list for PBXNativeTarget "GroceryScan" */ = {
			isa = XCConfigurationList;
			buildConfigurations = (
				360995A22B6ABA99005B327F /* Debug */,
				360995A32B6ABA99005B327F /* Release */,
			);
			defaultConfigurationIsVisible = 0;
			defaultConfigurationName = Release;
		};
/* End XCConfigurationList section */
	};
	rootObject = 3609958B2B6ABA95005B327F /* Project object */;
}
